
Microsoft Visual Studio Solution File, Format Version 12.00
# Visual Studio Version 17
VisualStudioVersion = 17.8.34316.72
MinimumVisualStudioVersion = 10.0.40219.1
Project("{FAE04EC0-301F-11D3-BF4B-00C04F79EFBC}") = "AdventOfCode2023_20", "AdventOfCode2023_20\AdventOfCode2023_20.csproj", "{B7B6C2F6-0273-4DC7-B248-413D1768C2F6}"
EndProject
Global
	GlobalSection(SolutionConfigurationPlatforms) = preSolution
		Debug|Any CPU = Debug|Any CPU
		Release|Any CPU = Release|Any CPU
	EndGlobalSection
	GlobalSection(ProjectConfigurationPlatforms) = postSolution
		{B7B6C2F6-0273-4DC7-B248-413D1768C2F6}.Debug|Any CPU.ActiveCfg = Debug|Any CPU
		{B7B6C2F6-0273-4DC7-B248-413D1768C2F6}.Debug|Any CPU.Build.0 = Debug|Any CPU
		{B7B6C2F6-0273-4DC7-B248-413D1768C2F6}.Release|Any CPU.ActiveCfg = Release|Any CPU
		{B7B6C2F6-0273-4DC7-B248-413D1768C2F6}.Release|Any CPU.Build.0 = Release|Any CPU
	EndGlobalSection
	GlobalSection(SolutionProperties) = preSolution
		HideSolutionNode = FALSE
	EndGlobalSection
	GlobalSection(ExtensibilityGlobals) = postSolution
		SolutionGuid = {9B3A6A68-1261-495F-9432-20A8FB2EB610}
	EndGlobalSection
EndGlobal
